// !$*UTF8*$!
{
	archiveVersion = 1;
	classes = {
	};
	objectVersion = 56;
	objects = {

/* Begin PBXBuildFile section */
		098B0A562A2C3DA80042D8EE /* AppDelegate.m in Sources */ = {isa = PBXBuildFile; fileRef = 098B0A552A2C3DA80042D8EE /* AppDelegate.m */; };
		098B0A592A2C3DA80042D8EE /* SceneDelegate.m in Sources */ = {isa = PBXBuildFile; fileRef = 098B0A582A2C3DA80042D8EE /* SceneDelegate.m */; };
		098B0A5C2A2C3DA80042D8EE /* ViewController.m in Sources */ = {isa = PBXBuildFile; fileRef = 098B0A5B2A2C3DA80042D8EE /* ViewController.m */; };
		098B0A5F2A2C3DA80042D8EE /* Main.storyboard in Resources */ = {isa = PBXBuildFile; fileRef = 098B0A5D2A2C3DA80042D8EE /* Main.storyboard */; };
		098B0A612A2C3DAB0042D8EE /* Assets.xcassets in Resources */ = {isa = PBXBuildFile; fileRef = 098B0A602A2C3DAB0042D8EE /* Assets.xcassets */; };
		098B0A642A2C3DAB0042D8EE /* LaunchScreen.storyboard in Resources */ = {isa = PBXBuildFile; fileRef = 098B0A622A2C3DAB0042D8EE /* LaunchScreen.storyboard */; };
		098B0A672A2C3DAB0042D8EE /* main.m in Sources */ = {isa = PBXBuildFile; fileRef = 098B0A662A2C3DAB0042D8EE /* main.m */; };
		098B0A712A2C3DAC0042D8EE /* RunLoopDemoTests.m in Sources */ = {isa = PBXBuildFile; fileRef = 098B0A702A2C3DAC0042D8EE /* RunLoopDemoTests.m */; };
		098B0A7B2A2C3DAC0042D8EE /* RunLoopDemoUITests.m in Sources */ = {isa = PBXBuildFile; fileRef = 098B0A7A2A2C3DAC0042D8EE /* RunLoopDemoUITests.m */; };
		098B0A7D2A2C3DAC0042D8EE /* RunLoopDemoUITestsLaunchTests.m in Sources */ = {isa = PBXBuildFile; fileRef = 098B0A7C2A2C3DAC0042D8EE /* RunLoopDemoUITestsLaunchTests.m */; };
		098B0A8B2A2C3E8F0042D8EE /* ViewController.m in Sources */ = {isa = PBXBuildFile; fileRef = 098B0A5B2A2C3DA80042D8EE /* ViewController.m */; };
		098B0A8C2A2C3E8F0042D8EE /* AppDelegate.m in Sources */ = {isa = PBXBuildFile; fileRef = 098B0A552A2C3DA80042D8EE /* AppDelegate.m */; };
		098B0A8D2A2C3E8F0042D8EE /* main.m in Sources */ = {isa = PBXBuildFile; fileRef = 098B0A662A2C3DAB0042D8EE /* main.m */; };
		098B0A8E2A2C3E8F0042D8EE /* SceneDelegate.m in Sources */ = {isa = PBXBuildFile; fileRef = 098B0A582A2C3DA80042D8EE /* SceneDelegate.m */; };
		098B0A912A2C3E8F0042D8EE /* LaunchScreen.storyboard in Resources */ = {isa = PBXBuildFile; fileRef = 098B0A622A2C3DAB0042D8EE /* LaunchScreen.storyboard */; };
		098B0A922A2C3E8F0042D8EE /* Assets.xcassets in Resources */ = {isa = PBXBuildFile; fileRef = 098B0A602A2C3DAB0042D8EE /* Assets.xcassets */; };
		098B0A932A2C3E8F0042D8EE /* Main.storyboard in Resources */ = {isa = PBXBuildFile; fileRef = 098B0A5D2A2C3DA80042D8EE /* Main.storyboard */; };
		098B0A9E2A2C4A180042D8EE /* RunLoopMonitor.m in Sources */ = {isa = PBXBuildFile; fileRef = 098B0A9D2A2C4A180042D8EE /* RunLoopMonitor.m */; };
/* End PBXBuildFile section */

/* Begin PBXContainerItemProxy section */
		098B0A6D2A2C3DAC0042D8EE /* PBXContainerItemProxy */ = {
			isa = PBXContainerItemProxy;
			containerPortal = 098B0A492A2C3DA80042D8EE /* Project object */;
			proxyType = 1;
			remoteGlobalIDString = 098B0A502A2C3DA80042D8EE;
			remoteInfo = RunLoopDemo;
		};
		098B0A772A2C3DAC0042D8EE /* PBXContainerItemProxy */ = {
			isa = PBXContainerItemProxy;
			containerPortal = 098B0A492A2C3DA80042D8EE /* Project object */;
			proxyType = 1;
			remoteGlobalIDString = 098B0A502A2C3DA80042D8EE;
			remoteInfo = RunLoopDemo;
		};
/* End PBXContainerItemProxy section */

/* Begin PBXFileReference section */
		098B0A512A2C3DA80042D8EE /* RunLoopDemo.app */ = {isa = PBXFileReference; explicitFileType = wrapper.application; includeInIndex = 0; path = RunLoopDemo.app; sourceTree = BUILT_PRODUCTS_DIR; };
		098B0A542A2C3DA80042D8EE /* AppDelegate.h */ = {isa = PBXFileReference; lastKnownFileType = sourcecode.c.h; path = AppDelegate.h; sourceTree = "<group>"; };
		098B0A552A2C3DA80042D8EE /* AppDelegate.m */ = {isa = PBXFileReference; lastKnownFileType = sourcecode.c.objc; path = AppDelegate.m; sourceTree = "<group>"; };
		098B0A572A2C3DA80042D8EE /* SceneDelegate.h */ = {isa = PBXFileReference; lastKnownFileType = sourcecode.c.h; path = SceneDelegate.h; sourceTree = "<group>"; };
		098B0A582A2C3DA80042D8EE /* SceneDelegate.m */ = {isa = PBXFileReference; lastKnownFileType = sourcecode.c.objc; path = SceneDelegate.m; sourceTree = "<group>"; };
		098B0A5A2A2C3DA80042D8EE /* ViewController.h */ = {isa = PBXFileReference; lastKnownFileType = sourcecode.c.h; path = ViewController.h; sourceTree = "<group>"; };
		098B0A5B2A2C3DA80042D8EE /* ViewController.m */ = {isa = PBXFileReference; lastKnownFileType = sourcecode.c.objc; path = ViewController.m; sourceTree = "<group>"; };
		098B0A5E2A2C3DA80042D8EE /* Base */ = {isa = PBXFileReference; lastKnownFileType = file.storyboard; name = Base; path = Base.lproj/Main.storyboard; sourceTree = "<group>"; };
		098B0A602A2C3DAB0042D8EE /* Assets.xcassets */ = {isa = PBXFileReference; lastKnownFileType = folder.assetcatalog; path = Assets.xcassets; sourceTree = "<group>"; };
		098B0A632A2C3DAB0042D8EE /* Base */ = {isa = PBXFileReference; lastKnownFileType = file.storyboard; name = Base; path = Base.lproj/LaunchScreen.storyboard; sourceTree = "<group>"; };
		098B0A652A2C3DAB0042D8EE /* Info.plist */ = {isa = PBXFileReference; lastKnownFileType = text.plist.xml; path = Info.plist; sourceTree = "<group>"; };
		098B0A662A2C3DAB0042D8EE /* main.m */ = {isa = PBXFileReference; lastKnownFileType = sourcecode.c.objc; path = main.m; sourceTree = "<group>"; };
		098B0A6C2A2C3DAC0042D8EE /* RunLoopDemoTests.xctest */ = {isa = PBXFileReference; explicitFileType = wrapper.cfbundle; includeInIndex = 0; path = RunLoopDemoTests.xctest; sourceTree = BUILT_PRODUCTS_DIR; };
		098B0A702A2C3DAC0042D8EE /* RunLoopDemoTests.m */ = {isa = PBXFileReference; lastKnownFileType = sourcecode.c.objc; path = RunLoopDemoTests.m; sourceTree = "<group>"; };
		098B0A762A2C3DAC0042D8EE /* RunLoopDemoUITests.xctest */ = {isa = PBXFileReference; explicitFileType = wrapper.cfbundle; includeInIndex = 0; path = RunLoopDemoUITests.xctest; sourceTree = BUILT_PRODUCTS_DIR; };
		098B0A7A2A2C3DAC0042D8EE /* RunLoopDemoUITests.m */ = {isa = PBXFileReference; lastKnownFileType = sourcecode.c.objc; path = RunLoopDemoUITests.m; sourceTree = "<group>"; };
		098B0A7C2A2C3DAC0042D8EE /* RunLoopDemoUITestsLaunchTests.m */ = {isa = PBXFileReference; lastKnownFileType = sourcecode.c.objc; path = RunLoopDemoUITestsLaunchTests.m; sourceTree = "<group>"; };
		098B0A972A2C3E8F0042D8EE /* RunLoopDemoDebug.app */ = {isa = PBXFileReference; explicitFileType = wrapper.application; includeInIndex = 0; path = RunLoopDemoDebug.app; sourceTree = BUILT_PRODUCTS_DIR; };
		098B0A982A2C3E8F0042D8EE /* RunLoopDemoDebugInfo.plist */ = {isa = PBXFileReference; lastKnownFileType = text.plist.xml; name = RunLoopDemoDebugInfo.plist; path = "/Users/cakes/Documents/Object-C/RunLoopDemo/RunLoopDemoDebugInfo.plist"; sourceTree = "<absolute>"; };
		098B0A9C2A2C4A180042D8EE /* RunLoopMonitor.h */ = {isa = PBXFileReference; lastKnownFileType = sourcecode.c.h; path = RunLoopMonitor.h; sourceTree = "<group>"; };
		098B0A9D2A2C4A180042D8EE /* RunLoopMonitor.m */ = {isa = PBXFileReference; lastKnownFileType = sourcecode.c.objc; path = RunLoopMonitor.m; sourceTree = "<group>"; };
/* End PBXFileReference section */

/* Begin PBXFrameworksBuildPhase section */
		098B0A4E2A2C3DA80042D8EE /* Frameworks */ = {
			isa = PBXFrameworksBuildPhase;
			buildActionMask = 2147483647;
			files = (
			);
			runOnlyForDeploymentPostprocessing = 0;
		};
		098B0A692A2C3DAC0042D8EE /* Frameworks */ = {
			isa = PBXFrameworksBuildPhase;
			buildActionMask = 2147483647;
			files = (
			);
			runOnlyForDeploymentPostprocessing = 0;
		};
		098B0A732A2C3DAC0042D8EE /* Frameworks */ = {
			isa = PBXFrameworksBuildPhase;
			buildActionMask = 2147483647;
			files = (
			);
			runOnlyForDeploymentPostprocessing = 0;
		};
		098B0A8F2A2C3E8F0042D8EE /* Frameworks */ = {
			isa = PBXFrameworksBuildPhase;
			buildActionMask = 2147483647;
			files = (
			);
			runOnlyForDeploymentPostprocessing = 0;
		};
/* End PBXFrameworksBuildPhase section */

/* Begin PBXGroup section */
		098B0A482A2C3DA80042D8EE = {
			isa = PBXGroup;
			children = (
				098B0A532A2C3DA80042D8EE /* RunLoopDemo */,
				098B0A6F2A2C3DAC0042D8EE /* RunLoopDemoTests */,
				098B0A792A2C3DAC0042D8EE /* RunLoopDemoUITests */,
				098B0A522A2C3DA80042D8EE /* Products */,
				098B0A982A2C3E8F0042D8EE /* RunLoopDemoDebugInfo.plist */,
			);
			sourceTree = "<group>";
		};
		098B0A522A2C3DA80042D8EE /* Products */ = {
			isa = PBXGroup;
			children = (
				098B0A512A2C3DA80042D8EE /* RunLoopDemo.app */,
				098B0A6C2A2C3DAC0042D8EE /* RunLoopDemoTests.xctest */,
				098B0A762A2C3DAC0042D8EE /* RunLoopDemoUITests.xctest */,
				098B0A972A2C3E8F0042D8EE /* RunLoopDemoDebug.app */,
			);
			name = Products;
			sourceTree = "<group>";
		};
		098B0A532A2C3DA80042D8EE /* RunLoopDemo */ = {
			isa = PBXGroup;
			children = (
				098B0A542A2C3DA80042D8EE /* AppDelegate.h */,
				098B0A552A2C3DA80042D8EE /* AppDelegate.m */,
				098B0A572A2C3DA80042D8EE /* SceneDelegate.h */,
				098B0A582A2C3DA80042D8EE /* SceneDelegate.m */,
				098B0A5A2A2C3DA80042D8EE /* ViewController.h */,
				098B0A5B2A2C3DA80042D8EE /* ViewController.m */,
				098B0A9C2A2C4A180042D8EE /* RunLoopMonitor.h */,
				098B0A9D2A2C4A180042D8EE /* RunLoopMonitor.m */,
				098B0A5D2A2C3DA80042D8EE /* Main.storyboard */,
				098B0A602A2C3DAB0042D8EE /* Assets.xcassets */,
				098B0A622A2C3DAB0042D8EE /* LaunchScreen.storyboard */,
				098B0A652A2C3DAB0042D8EE /* Info.plist */,
				098B0A662A2C3DAB0042D8EE /* main.m */,
			);
			path = RunLoopDemo;
			sourceTree = "<group>";
		};
		098B0A6F2A2C3DAC0042D8EE /* RunLoopDemoTests */ = {
			isa = PBXGroup;
			children = (
				098B0A702A2C3DAC0042D8EE /* RunLoopDemoTests.m */,
			);
			path = RunLoopDemoTests;
			sourceTree = "<group>";
		};
		098B0A792A2C3DAC0042D8EE /* RunLoopDemoUITests */ = {
			isa = PBXGroup;
			children = (
				098B0A7A2A2C3DAC0042D8EE /* RunLoopDemoUITests.m */,
				098B0A7C2A2C3DAC0042D8EE /* RunLoopDemoUITestsLaunchTests.m */,
			);
			path = RunLoopDemoUITests;
			sourceTree = "<group>";
		};
/* End PBXGroup section */

/* Begin PBXNativeTarget section */
		098B0A502A2C3DA80042D8EE /* RunLoopDemo */ = {
			isa = PBXNativeTarget;
			buildConfigurationList = 098B0A802A2C3DAC0042D8EE /* Build configuration list for PBXNativeTarget "RunLoopDemo" */;
			buildPhases = (
				098B0A4D2A2C3DA80042D8EE /* Sources */,
				098B0A4E2A2C3DA80042D8EE /* Frameworks */,
				098B0A4F2A2C3DA80042D8EE /* Resources */,
			);
			buildRules = (
			);
			dependencies = (
			);
			name = RunLoopDemo;
			productName = RunLoopDemo;
			productReference = 098B0A512A2C3DA80042D8EE /* RunLoopDemo.app */;
			productType = "com.apple.product-type.application";
		};
		098B0A6B2A2C3DAC0042D8EE /* RunLoopDemoTests */ = {
			isa = PBXNativeTarget;
			buildConfigurationList = 098B0A832A2C3DAC0042D8EE /* Build configuration list for PBXNativeTarget "RunLoopDemoTests" */;
			buildPhases = (
				098B0A682A2C3DAC0042D8EE /* Sources */,
				098B0A692A2C3DAC0042D8EE /* Frameworks */,
				098B0A6A2A2C3DAC0042D8EE /* Resources */,
			);
			buildRules = (
			);
			dependencies = (
				098B0A6E2A2C3DAC0042D8EE /* PBXTargetDependency */,
			);
			name = RunLoopDemoTests;
			productName = RunLoopDemoTests;
			productReference = 098B0A6C2A2C3DAC0042D8EE /* RunLoopDemoTests.xctest */;
			productType = "com.apple.product-type.bundle.unit-test";
		};
		098B0A752A2C3DAC0042D8EE /* RunLoopDemoUITests */ = {
			isa = PBXNativeTarget;
			buildConfigurationList = 098B0A862A2C3DAC0042D8EE /* Build configuration list for PBXNativeTarget "RunLoopDemoUITests" */;
			buildPhases = (
				098B0A722A2C3DAC0042D8EE /* Sources */,
				098B0A732A2C3DAC0042D8EE /* Frameworks */,
				098B0A742A2C3DAC0042D8EE /* Resources */,
			);
			buildRules = (
			);
			dependencies = (
				098B0A782A2C3DAC0042D8EE /* PBXTargetDependency */,
			);
			name = RunLoopDemoUITests;
			productName = RunLoopDemoUITests;
			productReference = 098B0A762A2C3DAC0042D8EE /* RunLoopDemoUITests.xctest */;
			productType = "com.apple.product-type.bundle.ui-testing";
		};
		098B0A892A2C3E8F0042D8EE /* RunLoopDemoDebug */ = {
			isa = PBXNativeTarget;
			buildConfigurationList = 098B0A942A2C3E8F0042D8EE /* Build configuration list for PBXNativeTarget "RunLoopDemoDebug" */;
			buildPhases = (
				098B0A8A2A2C3E8F0042D8EE /* Sources */,
				098B0A8F2A2C3E8F0042D8EE /* Frameworks */,
				098B0A902A2C3E8F0042D8EE /* Resources */,
			);
			buildRules = (
			);
			dependencies = (
			);
			name = RunLoopDemoDebug;
			productName = RunLoopDemo;
			productReference = 098B0A972A2C3E8F0042D8EE /* RunLoopDemoDebug.app */;
			productType = "com.apple.product-type.application";
		};
/* End PBXNativeTarget section */

/* Begin PBXProject section */
		098B0A492A2C3DA80042D8EE /* Project object */ = {
			isa = PBXProject;
			attributes = {
				BuildIndependentTargetsInParallel = 1;
				LastUpgradeCheck = 1430;
				TargetAttributes = {
					098B0A502A2C3DA80042D8EE = {
						CreatedOnToolsVersion = 14.3;
					};
					098B0A6B2A2C3DAC0042D8EE = {
						CreatedOnToolsVersion = 14.3;
						TestTargetID = 098B0A502A2C3DA80042D8EE;
					};
					098B0A752A2C3DAC0042D8EE = {
						CreatedOnToolsVersion = 14.3;
						TestTargetID = 098B0A502A2C3DA80042D8EE;
					};
				};
			};
			buildConfigurationList = 098B0A4C2A2C3DA80042D8EE /* Build configuration list for PBXProject "RunLoopDemo" */;
			compatibilityVersion = "Xcode 14.0";
			developmentRegion = en;
			hasScannedForEncodings = 0;
			knownRegions = (
				en,
				Base,
			);
			mainGroup = 098B0A482A2C3DA80042D8EE;
			productRefGroup = 098B0A522A2C3DA80042D8EE /* Products */;
			projectDirPath = "";
			projectRoot = "";
			targets = (
				098B0A502A2C3DA80042D8EE /* RunLoopDemo */,
				098B0A6B2A2C3DAC0042D8EE /* RunLoopDemoTests */,
				098B0A752A2C3DAC0042D8EE /* RunLoopDemoUITests */,
				098B0A892A2C3E8F0042D8EE /* RunLoopDemoDebug */,
			);
		};
/* End PBXProject section */

/* Begin PBXResourcesBuildPhase section */
		098B0A4F2A2C3DA80042D8EE /* Resources */ = {
			isa = PBXResourcesBuildPhase;
			buildActionMask = 2147483647;
			files = (
				098B0A642A2C3DAB0042D8EE /* LaunchScreen.storyboard in Resources */,
				098B0A612A2C3DAB0042D8EE /* Assets.xcassets in Resources */,
				098B0A5F2A2C3DA80042D8EE /* Main.storyboard in Resources */,
			);
			runOnlyForDeploymentPostprocessing = 0;
		};
		098B0A6A2A2C3DAC0042D8EE /* Resources */ = {
			isa = PBXResourcesBuildPhase;
			buildActionMask = 2147483647;
			files = (
			);
			runOnlyForDeploymentPostprocessing = 0;
		};
		098B0A742A2C3DAC0042D8EE /* Resources */ = {
			isa = PBXResourcesBuildPhase;
			buildActionMask = 2147483647;
			files = (
			);
			runOnlyForDeploymentPostprocessing = 0;
		};
		098B0A902A2C3E8F0042D8EE /* Resources */ = {
			isa = PBXResourcesBuildPhase;
			buildActionMask = 2147483647;
			files = (
				098B0A912A2C3E8F0042D8EE /* LaunchScreen.storyboard in Resources */,
				098B0A922A2C3E8F0042D8EE /* Assets.xcassets in Resources */,
				098B0A932A2C3E8F0042D8EE /* Main.storyboard in Resources */,
			);
			runOnlyForDeploymentPostprocessing = 0;
		};
/* End PBXResourcesBuildPhase section */

/* Begin PBXSourcesBuildPhase section */
		098B0A4D2A2C3DA80042D8EE /* Sources */ = {
			isa = PBXSourcesBuildPhase;
			buildActionMask = 2147483647;
			files = (
				098B0A5C2A2C3DA80042D8EE /* ViewController.m in Sources */,
				098B0A562A2C3DA80042D8EE /* AppDelegate.m in Sources */,
				098B0A9E2A2C4A180042D8EE /* RunLoopMonitor.m in Sources */,
				098B0A672A2C3DAB0042D8EE /* main.m in Sources */,
				098B0A592A2C3DA80042D8EE /* SceneDelegate.m in Sources */,
			);
			runOnlyForDeploymentPostprocessing = 0;
		};
		098B0A682A2C3DAC0042D8EE /* Sources */ = {
			isa = PBXSourcesBuildPhase;
			buildActionMask = 2147483647;
			files = (
				098B0A712A2C3DAC0042D8EE /* RunLoopDemoTests.m in Sources */,
			);
			runOnlyForDeploymentPostprocessing = 0;
		};
		098B0A722A2C3DAC0042D8EE /* Sources */ = {
			isa = PBXSourcesBuildPhase;
			buildActionMask = 2147483647;
			files = (
				098B0A7B2A2C3DAC0042D8EE /* RunLoopDemoUITests.m in Sources */,
				098B0A7D2A2C3DAC0042D8EE /* RunLoopDemoUITestsLaunchTests.m in Sources */,
			);
			runOnlyForDeploymentPostprocessing = 0;
		};
		098B0A8A2A2C3E8F0042D8EE /* Sources */ = {
			isa = PBXSourcesBuildPhase;
			buildActionMask = 2147483647;
			files = (
				098B0A8B2A2C3E8F0042D8EE /* ViewController.m in Sources */,
				098B0A8C2A2C3E8F0042D8EE /* AppDelegate.m in Sources */,
				098B0A8D2A2C3E8F0042D8EE /* main.m in Sources */,
				098B0A8E2A2C3E8F0042D8EE /* SceneDelegate.m in Sources */,
			);
			runOnlyForDeploymentPostprocessing = 0;
		};
/* End PBXSourcesBuildPhase section */

/* Begin PBXTargetDependency section */
		098B0A6E2A2C3DAC0042D8EE /* PBXTargetDependency */ = {
			isa = PBXTargetDependency;
			target = 098B0A502A2C3DA80042D8EE /* RunLoopDemo */;
			targetProxy = 098B0A6D2A2C3DAC0042D8EE /* PBXContainerItemProxy */;
		};
		098B0A782A2C3DAC0042D8EE /* PBXTargetDependency */ = {
			isa = PBXTargetDependency;
			target = 098B0A502A2C3DA80042D8EE /* RunLoopDemo */;
			targetProxy = 098B0A772A2C3DAC0042D8EE /* PBXContainerItemProxy */;
		};
/* End PBXTargetDependency section */

/* Begin PBXVariantGroup section */
		098B0A5D2A2C3DA80042D8EE /* Main.storyboard */ = {
			isa = PBXVariantGroup;
			children = (
				098B0A5E2A2C3DA80042D8EE /* Base */,
			);
			name = Main.storyboard;
			sourceTree = "<group>";
		};
		098B0A622A2C3DAB0042D8EE /* LaunchScreen.storyboard */ = {
			isa = PBXVariantGroup;
			children = (
				098B0A632A2C3DAB0042D8EE /* Base */,
			);
			name = LaunchScreen.storyboard;
			sourceTree = "<group>";
		};
/* End PBXVariantGroup section */

/* Begin XCBuildConfiguration section */
		098B0A7E2A2C3DAC0042D8EE /* Debug */ = {
			isa = XCBuildConfiguration;
			buildSettings = {
				ALWAYS_SEARCH_USER_PATHS = NO;
				CLANG_ANALYZER_NONNULL = YES;
				CLANG_ANALYZER_NUMBER_OBJECT_CONVERSION = YES_AGGRESSIVE;
				CLANG_CXX_LANGUAGE_STANDARD = "gnu++20";
				CLANG_ENABLE_MODULES = YES;
				CLANG_ENABLE_OBJC_ARC = YES;
				CLANG_ENABLE_OBJC_WEAK = YES;
				CLANG_WARN_BLOCK_CAPTURE_AUTORELEASING = YES;
				CLANG_WARN_BOOL_CONVERSION = YES;
				CLANG_WARN_COMMA = YES;
				CLANG_WARN_CONSTANT_CONVERSION = YES;
				CLANG_WARN_DEPRECATED_OBJC_IMPLEMENTATIONS = YES;
				CLANG_WARN_DIRECT_OBJC_ISA_USAGE = YES_ERROR;
				CLANG_WARN_DOCUMENTATION_COMMENTS = YES;
				CLANG_WARN_EMPTY_BODY = YES;
				CLANG_WARN_ENUM_CONVERSION = YES;
				CLANG_WARN_INFINITE_RECURSION = YES;
				CLANG_WARN_INT_CONVERSION = YES;
				CLANG_WARN_NON_LITERAL_NULL_CONVERSION = YES;
				CLANG_WARN_OBJC_IMPLICIT_RETAIN_SELF = YES;
				CLANG_WARN_OBJC_LITERAL_CONVERSION = YES;
				CLANG_WARN_OBJC_ROOT_CLASS = YES_ERROR;
				CLANG_WARN_QUOTED_INCLUDE_IN_FRAMEWORK_HEADER = YES;
				CLANG_WARN_RANGE_LOOP_ANALYSIS = YES;
				CLANG_WARN_STRICT_PROTOTYPES = YES;
				CLANG_WARN_SUSPICIOUS_MOVE = YES;
				CLANG_WARN_UNGUARDED_AVAILABILITY = YES_AGGRESSIVE;
				CLANG_WARN_UNREACHABLE_CODE = YES;
				CLANG_WARN__DUPLICATE_METHOD_MATCH = YES;
				COPY_PHASE_STRIP = NO;
				DEBUG_INFORMATION_FORMAT = dwarf;
				ENABLE_STRICT_OBJC_MSGSEND = YES;
				ENABLE_TESTABILITY = YES;
				GCC_C_LANGUAGE_STANDARD = gnu11;
				GCC_DYNAMIC_NO_PIC = NO;
				GCC_NO_COMMON_BLOCKS = YES;
				GCC_OPTIMIZATION_LEVEL = 0;
				GCC_PREPROCESSOR_DEFINITIONS = (
					"DEBUG=1",
					"$(inherited)",
				);
				GCC_WARN_64_TO_32_BIT_CONVERSION = YES;
				GCC_WARN_ABOUT_RETURN_TYPE = YES_ERROR;
				GCC_WARN_UNDECLARED_SELECTOR = YES;
				GCC_WARN_UNINITIALIZED_AUTOS = YES_AGGRESSIVE;
				GCC_WARN_UNUSED_FUNCTION = YES;
				GCC_WARN_UNUSED_VARIABLE = YES;
				IPHONEOS_DEPLOYMENT_TARGET = 11.0;
				MTL_ENABLE_DEBUG_INFO = INCLUDE_SOURCE;
				MTL_FAST_MATH = YES;
				ONLY_ACTIVE_ARCH = YES;
				SDKROOT = iphoneos;
			};
			name = Debug;
		};
		098B0A7F2A2C3DAC0042D8EE /* Release */ = {
			isa = XCBuildConfiguration;
			buildSettings = {
				ALWAYS_SEARCH_USER_PATHS = NO;
				CLANG_ANALYZER_NONNULL = YES;
				CLANG_ANALYZER_NUMBER_OBJECT_CONVERSION = YES_AGGRESSIVE;
				CLANG_CXX_LANGUAGE_STANDARD = "gnu++20";
				CLANG_ENABLE_MODULES = YES;
				CLANG_ENABLE_OBJC_ARC = YES;
				CLANG_ENABLE_OBJC_WEAK = YES;
				CLANG_WARN_BLOCK_CAPTURE_AUTORELEASING = YES;
				CLANG_WARN_BOOL_CONVERSION = YES;
				CLANG_WARN_COMMA = YES;
				CLANG_WARN_CONSTANT_CONVERSION = YES;
				CLANG_WARN_DEPRECATED_OBJC_IMPLEMENTATIONS = YES;
				CLANG_WARN_DIRECT_OBJC_ISA_USAGE = YES_ERROR;
				CLANG_WARN_DOCUMENTATION_COMMENTS = YES;
				CLANG_WARN_EMPTY_BODY = YES;
				CLANG_WARN_ENUM_CONVERSION = YES;
				CLANG_WARN_INFINITE_RECURSION = YES;
				CLANG_WARN_INT_CONVERSION = YES;
				CLANG_WARN_NON_LITERAL_NULL_CONVERSION = YES;
				CLANG_WARN_OBJC_IMPLICIT_RETAIN_SELF = YES;
				CLANG_WARN_OBJC_LITERAL_CONVERSION = YES;
				CLANG_WARN_OBJC_ROOT_CLASS = YES_ERROR;
				CLANG_WARN_QUOTED_INCLUDE_IN_FRAMEWORK_HEADER = YES;
				CLANG_WARN_RANGE_LOOP_ANALYSIS = YES;
				CLANG_WARN_STRICT_PROTOTYPES = YES;
				CLANG_WARN_SUSPICIOUS_MOVE = YES;
				CLANG_WARN_UNGUARDED_AVAILABILITY = YES_AGGRESSIVE;
				CLANG_WARN_UNREACHABLE_CODE = YES;
				CLANG_WARN__DUPLICATE_METHOD_MATCH = YES;
				COPY_PHASE_STRIP = NO;
				DEBUG_INFORMATION_FORMAT = "dwarf-with-dsym";
				ENABLE_NS_ASSERTIONS = NO;
				ENABLE_STRICT_OBJC_MSGSEND = YES;
				GCC_C_LANGUAGE_STANDARD = gnu11;
				GCC_NO_COMMON_BLOCKS = YES;
				GCC_WARN_64_TO_32_BIT_CONVERSION = YES;
				GCC_WARN_ABOUT_RETURN_TYPE = YES_ERROR;
				GCC_WARN_UNDECLARED_SELECTOR = YES;
				GCC_WARN_UNINITIALIZED_AUTOS = YES_AGGRESSIVE;
				GCC_WARN_UNUSED_FUNCTION = YES;
				GCC_WARN_UNUSED_VARIABLE = YES;
				IPHONEOS_DEPLOYMENT_TARGET = 11.0;
				MTL_ENABLE_DEBUG_INFO = NO;
				MTL_FAST_MATH = YES;
				SDKROOT = iphoneos;
				VALIDATE_PRODUCT = YES;
			};
			name = Release;
		};
		098B0A812A2C3DAC0042D8EE /* Debug */ = {
			isa = XCBuildConfiguration;
			buildSettings = {
				ASSETCATALOG_COMPILER_APPICON_NAME = AppIcon;
				ASSETCATALOG_COMPILER_GLOBAL_ACCENT_COLOR_NAME = AccentColor;
				CODE_SIGN_STYLE = Automatic;
				CURRENT_PROJECT_VERSION = 1;
				DEVELOPMENT_TEAM = YXG9ML29H5;
				GENERATE_INFOPLIST_FILE = YES;
				INFOPLIST_FILE = RunLoopDemo/Info.plist;
				INFOPLIST_KEY_UIApplicationSupportsIndirectInputEvents = YES;
				INFOPLIST_KEY_UILaunchStoryboardName = LaunchScreen;
				INFOPLIST_KEY_UIMainStoryboardFile = Main;
				INFOPLIST_KEY_UISupportedInterfaceOrientations_iPad = "UIInterfaceOrientationPortrait UIInterfaceOrientationPortraitUpsideDown UIInterfaceOrientationLandscapeLeft UIInterfaceOrientationLandscapeRight";
				INFOPLIST_KEY_UISupportedInterfaceOrientations_iPhone = "UIInterfaceOrientationPortrait UIInterfaceOrientationLandscapeLeft UIInterfaceOrientationLandscapeRight";
				LD_RUNPATH_SEARCH_PATHS = (
					"$(inherited)",
					"@executable_path/Frameworks",
				);
				MARKETING_VERSION = 1.0;
				PRODUCT_BUNDLE_IDENTIFIER = com.cakes.RunLoopDemo;
				PRODUCT_NAME = "$(TARGET_NAME)";
				SWIFT_EMIT_LOC_STRINGS = YES;
				TARGETED_DEVICE_FAMILY = "1,2";
			};
			name = Debug;
		};
		098B0A822A2C3DAC0042D8EE /* Release */ = {
			isa = XCBuildConfiguration;
			buildSettings = {
				ASSETCATALOG_COMPILER_APPICON_NAME = AppIcon;
				ASSETCATALOG_COMPILER_GLOBAL_ACCENT_COLOR_NAME = AccentColor;
				CODE_SIGN_STYLE = Automatic;
				CURRENT_PROJECT_VERSION = 1;
				DEVELOPMENT_TEAM = YXG9ML29H5;
				GENERATE_INFOPLIST_FILE = YES;
				INFOPLIST_FILE = RunLoopDemo/Info.plist;
				INFOPLIST_KEY_UIApplicationSupportsIndirectInputEvents = YES;
				INFOPLIST_KEY_UILaunchStoryboardName = LaunchScreen;
				INFOPLIST_KEY_UIMainStoryboardFile = Main;
				INFOPLIST_KEY_UISupportedInterfaceOrientations_iPad = "UIInterfaceOrientationPortrait UIInterfaceOrientationPortraitUpsideDown UIInterfaceOrientationLandscapeLeft UIInterfaceOrientationLandscapeRight";
				INFOPLIST_KEY_UISupportedInterfaceOrientations_iPhone = "UIInterfaceOrientationPortrait UIInterfaceOrientationLandscapeLeft UIInterfaceOrientationLandscapeRight";
				LD_RUNPATH_SEARCH_PATHS = (
					"$(inherited)",
					"@executable_path/Frameworks",
				);
				MARKETING_VERSION = 1.0;
				PRODUCT_BUNDLE_IDENTIFIER = com.cakes.RunLoopDemo;
				PRODUCT_NAME = "$(TARGET_NAME)";
				SWIFT_EMIT_LOC_STRINGS = YES;
				TARGETED_DEVICE_FAMILY = "1,2";
			};
			name = Release;
		};
		098B0A842A2C3DAC0042D8EE /* Debug */ = {
			isa = XCBuildConfiguration;
			buildSettings = {
				BUNDLE_LOADER = "$(TEST_HOST)";
				CODE_SIGN_STYLE = Automatic;
				CURRENT_PROJECT_VERSION = 1;
				DEVELOPMENT_TEAM = YXG9ML29H5;
				GENERATE_INFOPLIST_FILE = YES;
				IPHONEOS_DEPLOYMENT_TARGET = 16.4;
				MARKETING_VERSION = 1.0;
				PRODUCT_BUNDLE_IDENTIFIER = com.cakes.RunLoopDemoTests;
				PRODUCT_NAME = "$(TARGET_NAME)";
				SWIFT_EMIT_LOC_STRINGS = NO;
				TARGETED_DEVICE_FAMILY = "1,2";
				TEST_HOST = "$(BUILT_PRODUCTS_DIR)/RunLoopDemo.app/$(BUNDLE_EXECUTABLE_FOLDER_PATH)/RunLoopDemo";
			};
			name = Debug;
		};
		098B0A852A2C3DAC0042D8EE /* Release */ = {
			isa = XCBuildConfiguration;
			buildSettings = {
				BUNDLE_LOADER = "$(TEST_HOST)";
				CODE_SIGN_STYLE = Automatic;
				CURRENT_PROJECT_VERSION = 1;
				DEVELOPMENT_TEAM = YXG9ML29H5;
				GENERATE_INFOPLIST_FILE = YES;
				IPHONEOS_DEPLOYMENT_TARGET = 16.4;
				MARKETING_VERSION = 1.0;
				PRODUCT_BUNDLE_IDENTIFIER = com.cakes.RunLoopDemoTests;
				PRODUCT_NAME = "$(TARGET_NAME)";
				SWIFT_EMIT_LOC_STRINGS = NO;
				TARGETED_DEVICE_FAMILY = "1,2";
				TEST_HOST = "$(BUILT_PRODUCTS_DIR)/RunLoopDemo.app/$(BUNDLE_EXECUTABLE_FOLDER_PATH)/RunLoopDemo";
			};
			name = Release;
		};
		098B0A872A2C3DAC0042D8EE /* Debug */ = {
			isa = XCBuildConfiguration;
			buildSettings = {
				CODE_SIGN_STYLE = Automatic;
				CURRENT_PROJECT_VERSION = 1;
				DEVELOPMENT_TEAM = YXG9ML29H5;
				GENERATE_INFOPLIST_FILE = YES;
				MARKETING_VERSION = 1.0;
				PRODUCT_BUNDLE_IDENTIFIER = com.cakes.RunLoopDemoUITests;
				PRODUCT_NAME = "$(TARGET_NAME)";
				SWIFT_EMIT_LOC_STRINGS = NO;
				TARGETED_DEVICE_FAMILY = "1,2";
				TEST_TARGET_NAME = RunLoopDemo;
			};
			name = Debug;
		};
		098B0A882A2C3DAC0042D8EE /* Release */ = {
			isa = XCBuildConfiguration;
			buildSettings = {
				CODE_SIGN_STYLE = Automatic;
				CURRENT_PROJECT_VERSION = 1;
				DEVELOPMENT_TEAM = YXG9ML29H5;
				GENERATE_INFOPLIST_FILE = YES;
				MARKETING_VERSION = 1.0;
				PRODUCT_BUNDLE_IDENTIFIER = com.cakes.RunLoopDemoUITests;
				PRODUCT_NAME = "$(TARGET_NAME)";
				SWIFT_EMIT_LOC_STRINGS = NO;
				TARGETED_DEVICE_FAMILY = "1,2";
				TEST_TARGET_NAME = RunLoopDemo;
			};
			name = Release;
		};
		098B0A952A2C3E8F0042D8EE /* Debug */ = {
			isa = XCBuildConfiguration;
			buildSettings = {
				ASSETCATALOG_COMPILER_APPICON_NAME = AppIcon;
				ASSETCATALOG_COMPILER_GLOBAL_ACCENT_COLOR_NAME = AccentColor;
				CODE_SIGN_IDENTITY = "Apple Development";
				CODE_SIGN_STYLE = Automatic;
				CURRENT_PROJECT_VERSION = 1;
				DEVELOPMENT_TEAM = YXG9ML29H5;
				GCC_PREPROCESSOR_DEFINITIONS = (
					"DEBUG=1",
					"$(inherited)",
					"Dev=1",
				);
				GENERATE_INFOPLIST_FILE = YES;
				INFOPLIST_FILE = "RunLoopDemo copy-Info.plist";
				INFOPLIST_KEY_UIApplicationSupportsIndirectInputEvents = YES;
				INFOPLIST_KEY_UILaunchStoryboardName = LaunchScreen;
				INFOPLIST_KEY_UIMainStoryboardFile = Main;
				INFOPLIST_KEY_UISupportedInterfaceOrientations = "UIInterfaceOrientationLandscapeLeft UIInterfaceOrientationLandscapeRight UIInterfaceOrientationPortrait";
				IPHONEOS_DEPLOYMENT_TARGET = 11.0;
				LD_RUNPATH_SEARCH_PATHS = (
					"$(inherited)",
					"@executable_path/Frameworks",
				);
				MARKETING_VERSION = 1.0;
				PRODUCT_BUNDLE_IDENTIFIER = com.cakes.RunLoopDemo;
				PRODUCT_NAME = "$(TARGET_NAME)";
				PROVISIONING_PROFILE_SPECIFIER = "";
				SWIFT_EMIT_LOC_STRINGS = YES;
				TARGETED_DEVICE_FAMILY = "1,2";
			};
			name = Debug;
		};
		098B0A962A2C3E8F0042D8EE /* Release */ = {
			isa = XCBuildConfiguration;
			buildSettings = {
				ASSETCATALOG_COMPILER_APPICON_NAME = AppIcon;
				ASSETCATALOG_COMPILER_GLOBAL_ACCENT_COLOR_NAME = AccentColor;
				CODE_SIGN_IDENTITY = "Apple Development";
				CODE_SIGN_STYLE = Automatic;
				CURRENT_PROJECT_VERSION = 1;
				DEVELOPMENT_TEAM = YXG9ML29H5;
				GCC_PREPROCESSOR_DEFINITIONS = "Dev=0";
				GENERATE_INFOPLIST_FILE = YES;
				INFOPLIST_FILE = "RunLoopDemo copy-Info.plist";
				INFOPLIST_KEY_UIApplicationSupportsIndirectInputEvents = YES;
				INFOPLIST_KEY_UILaunchStoryboardName = LaunchScreen;
				INFOPLIST_KEY_UIMainStoryboardFile = Main;
				INFOPLIST_KEY_UISupportedInterfaceOrientations = "UIInterfaceOrientationLandscapeLeft UIInterfaceOrientationLandscapeRight UIInterfaceOrientationPortrait";
				IPHONEOS_DEPLOYMENT_TARGET = 11.0;
				LD_RUNPATH_SEARCH_PATHS = (
					"$(inherited)",
					"@executable_path/Frameworks",
				);
				MARKETING_VERSION = 1.0;
				PRODUCT_BUNDLE_IDENTIFIER = com.cakes.RunLoopDemo;
				PRODUCT_NAME = "$(TARGET_NAME)";
				PROVISIONING_PROFILE_SPECIFIER = "";
				SWIFT_EMIT_LOC_STRINGS = YES;
				TARGETED_DEVICE_FAMILY = "1,2";
			};
			name = Release;
		};
/* End XCBuildConfiguration section */

/* Begin XCConfigurationList section */
		098B0A4C2A2C3DA80042D8EE /* Build configuration list for PBXProject "RunLoopDemo" */ = {
			isa = XCConfigurationList;
			buildConfigurations = (
				098B0A7E2A2C3DAC0042D8EE /* Debug */,
				098B0A7F2A2C3DAC0042D8EE /* Release */,
			);
			defaultConfigurationIsVisible = 0;
			defaultConfigurationName = Release;
		};
		098B0A802A2C3DAC0042D8EE /* Build configuration list for PBXNativeTarget "RunLoopDemo" */ = {
			isa = XCConfigurationList;
			buildConfigurations = (
				098B0A812A2C3DAC0042D8EE /* Debug */,
				098B0A822A2C3DAC0042D8EE /* Release */,
			);
			defaultConfigurationIsVisible = 0;
			defaultConfigurationName = Release;
		};
		098B0A832A2C3DAC0042D8EE /* Build configuration list for PBXNativeTarget "RunLoopDemoTests" */ = {
			isa = XCConfigurationList;
			buildConfigurations = (
				098B0A842A2C3DAC0042D8EE /* Debug */,
				098B0A852A2C3DAC0042D8EE /* Release */,
			);
			defaultConfigurationIsVisible = 0;
			defaultConfigurationName = Release;
		};
		098B0A862A2C3DAC0042D8EE /* Build configuration list for PBXNativeTarget "RunLoopDemoUITests" */ = {
			isa = XCConfigurationList;
			buildConfigurations = (
				098B0A872A2C3DAC0042D8EE /* Debug */,
				098B0A882A2C3DAC0042D8EE /* Release */,
			);
			defaultConfigurationIsVisible = 0;
			defaultConfigurationName = Release;
		};
		098B0A942A2C3E8F0042D8EE /* Build configuration list for PBXNativeTarget "RunLoopDemoDebug" */ = {
			isa = XCConfigurationList;
			buildConfigurations = (
				098B0A952A2C3E8F0042D8EE /* Debug */,
				098B0A962A2C3E8F0042D8EE /* Release */,
			);
			defaultConfigurationIsVisible = 0;
			defaultConfigurationName = Release;
		};
/* End XCConfigurationList section */
	};
	rootObject = 098B0A492A2C3DA80042D8EE /* Project object */;
}
